<?xml version="1.0" encoding="utf-8"?>
<Project ToolsVersion="4.0" xmlns="http://schemas.microsoft.com/developer/msbuild/2003">
  <ItemGroup>
    <Filter Include="Source Files">
      <UniqueIdentifier>{4FC737F1-C7A5-4376-A066-2A32D752A2FF}</UniqueIdentifier>
      <Extensions>cpp;c;cc;cxx;def;odl;idl;hpj;bat;asm;asmx</Extensions>
    </Filter>
    <Filter Include="Header Files">
      <UniqueIdentifier>{93995380-89BD-4b04-88EB-625FBE52EBFB}</UniqueIdentifier>
      <Extensions>h;hh;hpp;hxx;hm;inl;inc;xsd</Extensions>
    </Filter>
    <Filter Include="Resource Files">
      <UniqueIdentifier>{67DA6AB6-F800-4c08-8B7A-83BB121AAD01}</UniqueIdentifier>
      <Extensions>rc;ico;cur;bmp;dlg;rc2;rct;bin;rgs;gif;jpg;jpeg;jpe;resx;tiff;tif;png;wav;mfcribbon-ms</Extensions>
    </Filter>
    <Filter Include="RPG">
      <UniqueIdentifier>{741c7154-645b-434d-95dc-ca0cbfa501f5}</UniqueIdentifier>
    </Filter>
    <Filter Include="RPG\Header Files">
      <UniqueIdentifier>{cff52df0-8414-4ac9-b8bd-c2fc22e961a0}</UniqueIdentifier>
    </Filter>
    <Filter Include="RPG\Source Files">
      <UniqueIdentifier>{46475a82-29ec-444c-a1fc-d78f64c830fc}</UniqueIdentifier>
    </Filter>
  </ItemGroup>
  <ItemGroup>
    <Text Include="ReadMe.txt" />
  </ItemGroup>
  <ItemGroup>
    <ClInclude Include="stdafx.h">
      <Filter>Header Files</Filter>
    </ClInclude>
    <ClInclude Include="targetver.h">
      <Filter>Header Files</Filter>
    </ClInclude>
    <ClInclude Include="game_lobby.h">
      <Filter>Header Files</Filter>
    </ClInclude>
    <ClInclude Include="NHTV_2018.h">
      <Filter>Header Files</Filter>
    </ClInclude>
    <ClInclude Include="Blackjack.h">
      <Filter>Header Files</Filter>
    </ClInclude>
    <ClInclude Include="simple_boss.h">
      <Filter>Header Files</Filter>
    </ClInclude>
    <ClInclude Include="Ball.h">
      <Filter>Header Files</Filter>
    </ClInclude>
    <ClInclude Include="Bat.h">
      <Filter>Header Files</Filter>
    </ClInclude>
    <ClInclude Include="Pong.h">
      <Filter>Header Files</Filter>
    </ClInclude>
    <ClInclude Include="Environment.h">
      <Filter>RPG\Header Files</Filter>
    </ClInclude>
    <ClInclude Include="GameMusic.h">
      <Filter>RPG\Header Files</Filter>
    </ClInclude>
    <ClInclude Include="GamePlay.h">
      <Filter>RPG\Header Files</Filter>
    </ClInclude>
    <ClInclude Include="Magic.h">
      <Filter>RPG\Header Files</Filter>
    </ClInclude>
    <ClInclude Include="Player.h">
      <Filter>RPG\Header Files</Filter>
    </ClInclude>
    <ClInclude Include="System.h">
      <Filter>RPG\Header Files</Filter>
    </ClInclude>
    <ClInclude Include="Technique.h">
      <Filter>RPG\Header Files</Filter>
    </ClInclude>
    <ClInclude Include="UserInterface.h">
      <Filter>RPG\Header Files</Filter>
    </ClInclude>
    <ClInclude Include="RPGmain.h">
      <Filter>RPG\Header Files</Filter>
    </ClInclude>
  </ItemGroup>
  <ItemGroup>
    <ClCompile Include="stdafx.cpp">
      <Filter>Source Files</Filter>
    </ClCompile>
    <ClCompile Include="NHTV_2018.cpp">
      <Filter>Source Files</Filter>
    </ClCompile>
    <ClCompile Include="game_lobby.cpp">
      <Filter>Source Files</Filter>
    </ClCompile>
    <ClCompile Include="blackjack.cpp">
      <Filter>Source Files</Filter>
    </ClCompile>
    <ClCompile Include="simple_boss.cpp">
      <Filter>Source Files</Filter>
    </ClCompile>
    <ClCompile Include="Pong.cpp">
      <Filter>Source Files</Filter>
    </ClCompile>
    <ClCompile Include="Ball.cpp">
      <Filter>Source Files</Filter>
    </ClCompile>
    <ClCompile Include="Bat.cpp">
      <Filter>Source Files</Filter>
    </ClCompile>
    <ClCompile Include="Environment.cpp">
      <Filter>RPG\Source Files</Filter>
    </ClCompile>
    <ClCompile Include="GameMusic.cpp">
      <Filter>RPG\Source Files</Filter>
    </ClCompile>
    <ClCompile Include="GamePlay.cpp">
      <Filter>RPG\Source Files</Filter>
    </ClCompile>
    <ClCompile Include="Magic.cpp">
      <Filter>RPG\Source Files</Filter>
    </ClCompile>
    <ClCompile Include="NPC.cpp">
      <Filter>RPG\Source Files</Filter>
    </ClCompile>
    <ClCompile Include="Player.cpp">
      <Filter>RPG\Source Files</Filter>
    </ClCompile>
    <ClCompile Include="System.cpp">
      <Filter>RPG\Source Files</Filter>
    </ClCompile>
    <ClCompile Include="Technique.cpp">
      <Filter>RPG\Source Files</Filter>
    </ClCompile>
    <ClCompile Include="UserInterface.cpp">
      <Filter>RPG\Source Files</Filter>
    </ClCompile>
    <ClCompile Include="RPGmain.cpp">
      <Filter>RPG\Source Files</Filter>
    </ClCompile>
  </ItemGroup>
</Project>